
Microsoft Visual Studio Solution File, Format Version 12.00
# Visual Studio Version 16
VisualStudioVersion = 16.0.30330.147
MinimumVisualStudioVersion = 10.0.40219.1
Project("{FAE04EC0-301F-11D3-BF4B-00C04F79EFBC}") = "BlueBadgeAPI.Web", "BlueBadgeAPI.Web\BlueBadgeAPI.Web.csproj", "{93B0E8FC-DCA0-43BA-BA45-785CEA74F21E}"
EndProject
Project("{FAE04EC0-301F-11D3-BF4B-00C04F79EFBC}") = "BlueBadgeAPI.Data", "BlueBadgeAPI.Data\BlueBadgeAPI.Data.csproj", "{F000FFEC-CDB7-4223-B94A-1675B37184E3}"
EndProject
Project("{FAE04EC0-301F-11D3-BF4B-00C04F79EFBC}") = "BlueBadgeAPI.Models", "BlueBadgeAPI.Models\BlueBadgeAPI.Models.csproj", "{9FABED61-6EFA-4A51-9C31-71831F57B4EC}"
EndProject
Project("{FAE04EC0-301F-11D3-BF4B-00C04F79EFBC}") = "BlueBadgeAPI.Services", "BlueBadgeAPI.Services\BlueBadgeAPI.Services.csproj", "{AF87CC23-DBB7-4A75-8247-A4D9DBBF0C07}"
EndProject
Global
	GlobalSection(SolutionConfigurationPlatforms) = preSolution
		Debug|Any CPU = Debug|Any CPU
		Release|Any CPU = Release|Any CPU
	EndGlobalSection
	GlobalSection(ProjectConfigurationPlatforms) = postSolution
		{93B0E8FC-DCA0-43BA-BA45-785CEA74F21E}.Debug|Any CPU.ActiveCfg = Debug|Any CPU
		{93B0E8FC-DCA0-43BA-BA45-785CEA74F21E}.Debug|Any CPU.Build.0 = Debug|Any CPU
		{93B0E8FC-DCA0-43BA-BA45-785CEA74F21E}.Release|Any CPU.ActiveCfg = Release|Any CPU
		{93B0E8FC-DCA0-43BA-BA45-785CEA74F21E}.Release|Any CPU.Build.0 = Release|Any CPU
		{F000FFEC-CDB7-4223-B94A-1675B37184E3}.Debug|Any CPU.ActiveCfg = Debug|Any CPU
		{F000FFEC-CDB7-4223-B94A-1675B37184E3}.Debug|Any CPU.Build.0 = Debug|Any CPU
		{F000FFEC-CDB7-4223-B94A-1675B37184E3}.Release|Any CPU.ActiveCfg = Release|Any CPU
		{F000FFEC-CDB7-4223-B94A-1675B37184E3}.Release|Any CPU.Build.0 = Release|Any CPU
		{9FABED61-6EFA-4A51-9C31-71831F57B4EC}.Debug|Any CPU.ActiveCfg = Debug|Any CPU
		{9FABED61-6EFA-4A51-9C31-71831F57B4EC}.Debug|Any CPU.Build.0 = Debug|Any CPU
		{9FABED61-6EFA-4A51-9C31-71831F57B4EC}.Release|Any CPU.ActiveCfg = Release|Any CPU
		{9FABED61-6EFA-4A51-9C31-71831F57B4EC}.Release|Any CPU.Build.0 = Release|Any CPU
		{AF87CC23-DBB7-4A75-8247-A4D9DBBF0C07}.Debug|Any CPU.ActiveCfg = Debug|Any CPU
		{AF87CC23-DBB7-4A75-8247-A4D9DBBF0C07}.Debug|Any CPU.Build.0 = Debug|Any CPU
		{AF87CC23-DBB7-4A75-8247-A4D9DBBF0C07}.Release|Any CPU.ActiveCfg = Release|Any CPU
		{AF87CC23-DBB7-4A75-8247-A4D9DBBF0C07}.Release|Any CPU.Build.0 = Release|Any CPU
	EndGlobalSection
	GlobalSection(SolutionProperties) = preSolution
		HideSolutionNode = FALSE
	EndGlobalSection
	GlobalSection(ExtensibilityGlobals) = postSolution
		SolutionGuid = {DBE45C6E-BC88-4CA3-91A1-5AEA17F48938}
	EndGlobalSection
EndGlobal
